
Microsoft Visual Studio Solution File, Format Version 12.00
# Visual Studio 14
VisualStudioVersion = 14.0.25420.1
MinimumVisualStudioVersion = 10.0.40219.1
Project("{2150E333-8FDC-42A3-9474-1A3956D46DE8}") = "Lead.Detect.Prims", "Lead.Detect.Prims", "{831B8A18-9D1C-46C1-BD3C-BB0E27E1F9AE}"
EndProject
Project("{FAE04EC0-301F-11D3-BF4B-00C04F79EFBC}") = "Lead.Detect.PrimMotionADLink", "BASE\Lead.Detect.Prims\MotionADLink\Lead.Detect.PrimMotionADLink.csproj", "{C6BF97E4-8C97-47BC-92F4-87B53142132B}"
EndProject
Project("{FAE04EC0-301F-11D3-BF4B-00C04F79EFBC}") = "Lead.Detect.PrimCameraDalsa", "BASE\Lead.Detect.Prims\CameraDalsa\Lead.Detect.PrimCameraDalsa.csproj", "{5380BF20-C010-4F0B-B6DE-11971C503DEC}"
EndProject
Project("{FAE04EC0-301F-11D3-BF4B-00C04F79EFBC}") = "Lead.Detect.PrimDefault", "BASE\Lead.Detect.Prims\Default\Lead.Detect.PrimDefault.csproj", "{0999A756-86EB-4A68-A1FF-B9DB57B08267}"
EndProject
Project("{FAE04EC0-301F-11D3-BF4B-00C04F79EFBC}") = "Lead.Detect.Interfaces.Dev", "BASE\Lead.Detect.Base\Interfaces.Dev\Lead.Detect.Interfaces.Dev.csproj", "{E74DB80E-8D89-455B-8C17-54841A6EF155}"
EndProject
Project("{FAE04EC0-301F-11D3-BF4B-00C04F79EFBC}") = "Lead.Detect.Helper", "BASE\Lead.Detect.Base\Helper\Lead.Detect.Helper.csproj", "{5EC85808-3BDA-4849-B36E-E5EB705016EC}"
EndProject
Project("{FAE04EC0-301F-11D3-BF4B-00C04F79EFBC}") = "Lead.Detect.PrimBase", "BASE\Lead.Detect.Base\PrimBase\Lead.Detect.PrimBase.csproj", "{578A4CF5-6C49-494D-A02E-22BC62ECB44C}"
EndProject
Project("{FAE04EC0-301F-11D3-BF4B-00C04F79EFBC}") = "Lead.Detect.PrimPlcOmron", "BASE\Lead.Detect.Prims\PlcOmron\Lead.Detect.PrimPlcOmron.csproj", "{4D9C3B5C-3A1D-47A7-BF1E-08FBF62E88DE}"
EndProject
Project("{FAE04EC0-301F-11D3-BF4B-00C04F79EFBC}") = "Lead.Detect.Interfaces.ViewTask", "BASE\Lead.Detect.Base\Interface.ViewTask\Lead.Detect.Interfaces.ViewTask.csproj", "{EF753479-2882-4635-9578-3979478D4BA1}"
EndProject
Project("{FAE04EC0-301F-11D3-BF4B-00C04F79EFBC}") = "Lead.Detect.ViewTaskDefault", "BASE\Lead.Detect.Base\ViewTaskDefault\Lead.Detect.ViewTaskDefault.csproj", "{8AE513CF-5C78-42EE-89E9-7FA0DA1C0F80}"
EndProject
Project("{FAE04EC0-301F-11D3-BF4B-00C04F79EFBC}") = "Lead.Detect.PrimCameraFocalSpec", "BASE\Lead.Detect.Prims\CameraFocalSpec\Lead.Detect.PrimCameraFocalSpec.csproj", "{BB46F3B2-83C2-461F-B709-10AF84747861}"
EndProject
Project("{FAE04EC0-301F-11D3-BF4B-00C04F79EFBC}") = "Lead.Detect.Prim3DAgl", "BASE\Lead.Detect.Prims\3DAgl\Lead.Detect.Prim3DAgl.csproj", "{D69BE1AB-44DC-4EB6-A10B-74782BE2AD8B}"
EndProject
Project("{FAE04EC0-301F-11D3-BF4B-00C04F79EFBC}") = "Lead.Detect.Element", "BASE\Lead.Detect.Base\Element\Lead.Detect.Element.csproj", "{D900D7E5-35CC-4210-B7CC-D20836674C07}"
EndProject
Project("{FAE04EC0-301F-11D3-BF4B-00C04F79EFBC}") = "Lead.Detect.PrimSktClient", "BASE\Lead.Detect.Prims\SktClient\Lead.Detect.PrimSktClient.csproj", "{10F32B3C-02BC-4296-A9FC-05EC26C684C1}"
EndProject
Project("{FAE04EC0-301F-11D3-BF4B-00C04F79EFBC}") = "Lead.Detect.PrimSktServer", "BASE\Lead.Detect.Prims\SktServer\Lead.Detect.PrimSktServer.csproj", "{4591F1A4-1C12-433C-B9AF-7F079E2465C7}"
EndProject
Project("{FAE04EC0-301F-11D3-BF4B-00C04F79EFBC}") = "Lead.Detect.PrimIOADLink", "BASE\Lead.Detect.Prims\IOAdlink\Lead.Detect.PrimIOADLink.csproj", "{8B7763C6-F91F-40DD-84DD-FACFB418243D}"
EndProject
Project("{FAE04EC0-301F-11D3-BF4B-00C04F79EFBC}") = "Lead.Detect.PrimGTKeyence", "BASE\Lead.Detect.Prims\GTKeyence\Lead.Detect.PrimGTKeyence.csproj", "{3924EAF8-3790-4494-97FB-C9756718A908}"
EndProject
Project("{2150E333-8FDC-42A3-9474-1A3956D46DE8}") = "BASE", "BASE", "{7595D445-3DFF-4A28-A545-2A84B1826F38}"
EndProject
Project("{FAE04EC0-301F-11D3-BF4B-00C04F79EFBC}") = "Lead.Detect.ThermoAOI.Machine1", "Lead.Detect.ThermoAOI_1\ThermoAOI\Lead.Detect.ThermoAOI.Machine1.csproj", "{B43E31C6-1F33-4EAF-AAD0-91943AA90C1B}"
EndProject
Project("{FAE04EC0-301F-11D3-BF4B-00C04F79EFBC}") = "Lead.Detect.FrameworkExtension", "BASE\Lead.Detect.Extension\FrameworkExtension\Lead.Detect.FrameworkExtension.csproj", "{463F8EE2-5570-40AA-9F85-58473DEF51FC}"
EndProject
Project("{FAE04EC0-301F-11D3-BF4B-00C04F79EFBC}") = "UnitTest_Lead.Detect.ThermoAOI", "Lead.Detect.ThermoAOI_1\UnitTest_ThermoAOI\UnitTest_Lead.Detect.ThermoAOI.csproj", "{B6A73E8B-8EFF-4F0E-BB0C-B73AF75397C2}"
EndProject
Project("{FAE04EC0-301F-11D3-BF4B-00C04F79EFBC}") = "Lead.Detect.Utility", "BASE\Lead.Detect.Extension\Utility\Lead.Detect.Utility.csproj", "{1EC60B75-6689-47E1-BE8C-63A7AB3325E0}"
EndProject
Project("{FAE04EC0-301F-11D3-BF4B-00C04F79EFBC}") = "Lead.Detect.PrimVirtualCard", "BASE\Lead.Detect.Prims\VirtualCard\Lead.Detect.PrimVirtualCard.csproj", "{DFB445BE-0166-450B-9E58-C8DDD6BD9E0E}"
EndProject
Project("{FAE04EC0-301F-11D3-BF4B-00C04F79EFBC}") = "Lead.Detect.DatabaseHelper", "BASE\Lead.Detect.Extension\DatabaseHelper\Lead.Detect.DatabaseHelper.csproj", "{6EA6D1FD-7D09-4D17-AD94-4E6711054DE0}"
EndProject
Project("{FAE04EC0-301F-11D3-BF4B-00C04F79EFBC}") = "Lead.Detect.ThermoAOIProductCalcLib", "Lead.Detect.ThermoAOI_1\ThermoAOIFlatnessCalcLib\Lead.Detect.ThermoAOIProductCalcLib.csproj", "{4DC12809-3D6E-4A62-A9FC-3BA47DFDBE97}"
EndProject
Project("{FAE04EC0-301F-11D3-BF4B-00C04F79EFBC}") = "Lead.Detect.ThermoAOIDisplayLib", "Lead.Detect.ThermoAOI_1\ThermoAOIDisplayLib\Lead.Detect.ThermoAOIDisplayLib.csproj", "{7DDC2940-C7F3-4E02-89DB-4BE8DDE689F6}"
EndProject
Project("{FAE04EC0-301F-11D3-BF4B-00C04F79EFBC}") = "Lead.Detect.ThermoAOI2.MachineA", "Lead.Detect.ThermoAOI_2\MachineA\Lead.Detect.ThermoAOI2.MachineA.csproj", "{E744F7FA-5962-4D65-BF8B-A894C129585F}"
EndProject
Project("{2150E333-8FDC-42A3-9474-1A3956D46DE8}") = "Lead.Detect.ThermoAOI_2", "Lead.Detect.ThermoAOI_2", "{B14FA0CC-E054-4DAD-B4C1-491CB32DB8BE}"
EndProject
Project("{FAE04EC0-301F-11D3-BF4B-00C04F79EFBC}") = "Lead.Detect.ThermoAOI2.MachineB", "Lead.Detect.ThermoAOI_2\MachineB\Lead.Detect.ThermoAOI2.MachineB.csproj", "{A1E7FC28-101E-4EB4-B609-B101D67F16D5}"
EndProject
Project("{FAE04EC0-301F-11D3-BF4B-00C04F79EFBC}") = "MachineIOTest", "Lead.Detect.Demo\MachineIOTest\MachineIOTest.csproj", "{0FD5DBFA-8618-4606-987F-87A42D2E47DF}"
EndProject
Project("{FAE04EC0-301F-11D3-BF4B-00C04F79EFBC}") = "Lead.Detect.PrimLeisai", "BASE\Lead.Detect.Prims\Leisai\Lead.Detect.PrimLeisai.csproj", "{995E6C0D-0FAD-4E6E-9E34-8223B6E17B4A}"
EndProject
Project("{FAE04EC0-301F-11D3-BF4B-00C04F79EFBC}") = "Lead.Detect.MeasureComponents", "Lead.Detect.ThermoAOI_2\MeasureComponents\Lead.Detect.MeasureComponents.csproj", "{61F293A2-A669-4D8C-A31D-DED0EAE846A2}"
EndProject
Project("{2150E333-8FDC-42A3-9474-1A3956D46DE8}") = "Lead.Detect.ThermoAOI_1", "Lead.Detect.ThermoAOI_1", "{BE64A371-7DDC-4B8E-BCC3-0975DBF4D98D}"
EndProject
Project("{2150E333-8FDC-42A3-9474-1A3956D46DE8}") = "Lead.Detect.Extension", "Lead.Detect.Extension", "{44915BAD-A28F-4988-93DD-06F7E00C491D}"
EndProject
Project("{2150E333-8FDC-42A3-9474-1A3956D46DE8}") = "Lead.Detect.Base", "Lead.Detect.Base", "{B47A0912-A10D-4A07-A8D1-EBEF3A815686}"
EndProject
Project("{FAE04EC0-301F-11D3-BF4B-00C04F79EFBC}") = "Lead.Detect.Prim2DAgl", "BASE\Lead.Detect.Prims\2DAgl\Lead.Detect.Prim2DAgl.csproj", "{ED53D819-32E3-4420-B340-DC28AA153F4E}"
EndProject
Project("{FAE04EC0-301F-11D3-BF4B-00C04F79EFBC}") = "Lead.Detect.PrimCameraBasler", "BASE\Lead.Detect.Prims\CameraBasler\Lead.Detect.PrimCameraBasler.csproj", "{EFF68632-B2C5-4442-958D-8E10779FA999}"
EndProject
Project("{FAE04EC0-301F-11D3-BF4B-00C04F79EFBC}") = "Lead.Detect.PrimTest", "BASE\Lead.Detect.Prims\Test\Lead.Detect.PrimTest.csproj", "{BBEA7B86-2878-4CCC-A838-67E59A0D1690}"
EndProject
Project("{2150E333-8FDC-42A3-9474-1A3956D46DE8}") = "Lead.Detect.Demo", "Lead.Detect.Demo", "{2423D0AC-09D1-4ED2-AD2A-EB38E4D3E4B4}"
EndProject
Project("{FAE04EC0-301F-11D3-BF4B-00C04F79EFBC}") = "Lead.Detect.ThermoAOITrajectoryLib", "Lead.Detect.ThermoAOI_1\Lead.Detect.ThermoAOITrajectoryLib\Lead.Detect.ThermoAOITrajectoryLib.csproj", "{B0CE046F-E89F-4A83-8CA1-25FB5C807E1B}"
EndProject
Project("{FAE04EC0-301F-11D3-BF4B-00C04F79EFBC}") = "Lead.Detect.MachineUtilityLib", "BASE\Lead.Detect.Extension\MachineUtilityLib\Lead.Detect.MachineUtilityLib.csproj", "{195D7E78-9E4C-4575-A82E-582F378674EA}"
EndProject
Project("{FAE04EC0-301F-11D3-BF4B-00C04F79EFBC}") = "Lead.Detect.PrimLeisaiIOCard", "BASE\Lead.Detect.Prims\LeisaiIOCard\Lead.Detect.PrimLeisaiIOCard.csproj", "{DA1544C5-D5F7-4A01-9129-C4433A201016}"
EndProject
Project("{FAE04EC0-301F-11D3-BF4B-00C04F79EFBC}") = "Lead.Detect.VisionWrapper", "Lead.Detect.VisionWrapper\Lead.Detect.VisionWrapper.csproj", "{9C49941F-21FA-468A-9291-F5C4FAB6703D}"
EndProject
Global
	GlobalSection(SolutionConfigurationPlatforms) = preSolution
		Debug|Any CPU = Debug|Any CPU
		Release|Any CPU = Release|Any CPU
	EndGlobalSection
	GlobalSection(ProjectConfigurationPlatforms) = postSolution
		{C6BF97E4-8C97-47BC-92F4-87B53142132B}.Debug|Any CPU.ActiveCfg = Debug|Any CPU
		{C6BF97E4-8C97-47BC-92F4-87B53142132B}.Debug|Any CPU.Build.0 = Debug|Any CPU
		{C6BF97E4-8C97-47BC-92F4-87B53142132B}.Release|Any CPU.ActiveCfg = Release|Any CPU
		{C6BF97E4-8C97-47BC-92F4-87B53142132B}.Release|Any CPU.Build.0 = Release|Any CPU
		{5380BF20-C010-4F0B-B6DE-11971C503DEC}.Debug|Any CPU.ActiveCfg = Debug|Any CPU
		{5380BF20-C010-4F0B-B6DE-11971C503DEC}.Debug|Any CPU.Build.0 = Debug|Any CPU
		{5380BF20-C010-4F0B-B6DE-11971C503DEC}.Release|Any CPU.ActiveCfg = Release|Any CPU
		{5380BF20-C010-4F0B-B6DE-11971C503DEC}.Release|Any CPU.Build.0 = Release|Any CPU
		{0999A756-86EB-4A68-A1FF-B9DB57B08267}.Debug|Any CPU.ActiveCfg = Debug|Any CPU
		{0999A756-86EB-4A68-A1FF-B9DB57B08267}.Debug|Any CPU.Build.0 = Debug|Any CPU
		{0999A756-86EB-4A68-A1FF-B9DB57B08267}.Release|Any CPU.ActiveCfg = Release|Any CPU
		{0999A756-86EB-4A68-A1FF-B9DB57B08267}.Release|Any CPU.Build.0 = Release|Any CPU
		{E74DB80E-8D89-455B-8C17-54841A6EF155}.Debug|Any CPU.ActiveCfg = Debug|Any CPU
		{E74DB80E-8D89-455B-8C17-54841A6EF155}.Debug|Any CPU.Build.0 = Debug|Any CPU
		{E74DB80E-8D89-455B-8C17-54841A6EF155}.Release|Any CPU.ActiveCfg = Release|Any CPU
		{E74DB80E-8D89-455B-8C17-54841A6EF155}.Release|Any CPU.Build.0 = Release|Any CPU
		{5EC85808-3BDA-4849-B36E-E5EB705016EC}.Debug|Any CPU.ActiveCfg = Debug|Any CPU
		{5EC85808-3BDA-4849-B36E-E5EB705016EC}.Debug|Any CPU.Build.0 = Debug|Any CPU
		{5EC85808-3BDA-4849-B36E-E5EB705016EC}.Release|Any CPU.ActiveCfg = Release|Any CPU
		{5EC85808-3BDA-4849-B36E-E5EB705016EC}.Release|Any CPU.Build.0 = Release|Any CPU
		{578A4CF5-6C49-494D-A02E-22BC62ECB44C}.Debug|Any CPU.ActiveCfg = Debug|Any CPU
		{578A4CF5-6C49-494D-A02E-22BC62ECB44C}.Debug|Any CPU.Build.0 = Debug|Any CPU
		{578A4CF5-6C49-494D-A02E-22BC62ECB44C}.Release|Any CPU.ActiveCfg = Release|Any CPU
		{578A4CF5-6C49-494D-A02E-22BC62ECB44C}.Release|Any CPU.Build.0 = Release|Any CPU
		{4D9C3B5C-3A1D-47A7-BF1E-08FBF62E88DE}.Debug|Any CPU.ActiveCfg = Debug|Any CPU
		{4D9C3B5C-3A1D-47A7-BF1E-08FBF62E88DE}.Debug|Any CPU.Build.0 = Debug|Any CPU
		{4D9C3B5C-3A1D-47A7-BF1E-08FBF62E88DE}.Release|Any CPU.ActiveCfg = Release|Any CPU
		{4D9C3B5C-3A1D-47A7-BF1E-08FBF62E88DE}.Release|Any CPU.Build.0 = Release|Any CPU
		{EF753479-2882-4635-9578-3979478D4BA1}.Debug|Any CPU.ActiveCfg = Debug|Any CPU
		{EF753479-2882-4635-9578-3979478D4BA1}.Debug|Any CPU.Build.0 = Debug|Any CPU
		{EF753479-2882-4635-9578-3979478D4BA1}.Release|Any CPU.ActiveCfg = Release|Any CPU
		{EF753479-2882-4635-9578-3979478D4BA1}.Release|Any CPU.Build.0 = Release|Any CPU
		{8AE513CF-5C78-42EE-89E9-7FA0DA1C0F80}.Debug|Any CPU.ActiveCfg = Debug|Any CPU
		{8AE513CF-5C78-42EE-89E9-7FA0DA1C0F80}.Debug|Any CPU.Build.0 = Debug|Any CPU
		{8AE513CF-5C78-42EE-89E9-7FA0DA1C0F80}.Release|Any CPU.ActiveCfg = Release|Any CPU
		{8AE513CF-5C78-42EE-89E9-7FA0DA1C0F80}.Release|Any CPU.Build.0 = Release|Any CPU
		{BB46F3B2-83C2-461F-B709-10AF84747861}.Debug|Any CPU.ActiveCfg = Debug|Any CPU
		{BB46F3B2-83C2-461F-B709-10AF84747861}.Debug|Any CPU.Build.0 = Debug|Any CPU
		{BB46F3B2-83C2-461F-B709-10AF84747861}.Release|Any CPU.ActiveCfg = Release|Any CPU
		{BB46F3B2-83C2-461F-B709-10AF84747861}.Release|Any CPU.Build.0 = Release|Any CPU
		{D69BE1AB-44DC-4EB6-A10B-74782BE2AD8B}.Debug|Any CPU.ActiveCfg = Debug|Any CPU
		{D69BE1AB-44DC-4EB6-A10B-74782BE2AD8B}.Debug|Any CPU.Build.0 = Debug|Any CPU
		{D69BE1AB-44DC-4EB6-A10B-74782BE2AD8B}.Release|Any CPU.ActiveCfg = Release|Any CPU
		{D69BE1AB-44DC-4EB6-A10B-74782BE2AD8B}.Release|Any CPU.Build.0 = Release|Any CPU
		{D900D7E5-35CC-4210-B7CC-D20836674C07}.Debug|Any CPU.ActiveCfg = Debug|Any CPU
		{D900D7E5-35CC-4210-B7CC-D20836674C07}.Debug|Any CPU.Build.0 = Debug|Any CPU
		{D900D7E5-35CC-4210-B7CC-D20836674C07}.Release|Any CPU.ActiveCfg = Release|Any CPU
		{D900D7E5-35CC-4210-B7CC-D20836674C07}.Release|Any CPU.Build.0 = Release|Any CPU
		{10F32B3C-02BC-4296-A9FC-05EC26C684C1}.Debug|Any CPU.ActiveCfg = Debug|Any CPU
		{10F32B3C-02BC-4296-A9FC-05EC26C684C1}.Debug|Any CPU.Build.0 = Debug|Any CPU
		{10F32B3C-02BC-4296-A9FC-05EC26C684C1}.Release|Any CPU.ActiveCfg = Release|Any CPU
		{10F32B3C-02BC-4296-A9FC-05EC26C684C1}.Release|Any CPU.Build.0 = Release|Any CPU
		{4591F1A4-1C12-433C-B9AF-7F079E2465C7}.Debug|Any CPU.ActiveCfg = Debug|Any CPU
		{4591F1A4-1C12-433C-B9AF-7F079E2465C7}.Debug|Any CPU.Build.0 = Debug|Any CPU
		{4591F1A4-1C12-433C-B9AF-7F079E2465C7}.Release|Any CPU.ActiveCfg = Release|Any CPU
		{4591F1A4-1C12-433C-B9AF-7F079E2465C7}.Release|Any CPU.Build.0 = Release|Any CPU
		{8B7763C6-F91F-40DD-84DD-FACFB418243D}.Debug|Any CPU.ActiveCfg = Debug|Any CPU
		{8B7763C6-F91F-40DD-84DD-FACFB418243D}.Debug|Any CPU.Build.0 = Debug|Any CPU
		{8B7763C6-F91F-40DD-84DD-FACFB418243D}.Release|Any CPU.ActiveCfg = Release|Any CPU
		{8B7763C6-F91F-40DD-84DD-FACFB418243D}.Release|Any CPU.Build.0 = Release|Any CPU
		{3924EAF8-3790-4494-97FB-C9756718A908}.Debug|Any CPU.ActiveCfg = Debug|Any CPU
		{3924EAF8-3790-4494-97FB-C9756718A908}.Debug|Any CPU.Build.0 = Debug|Any CPU
		{3924EAF8-3790-4494-97FB-C9756718A908}.Release|Any CPU.ActiveCfg = Release|Any CPU
		{3924EAF8-3790-4494-97FB-C9756718A908}.Release|Any CPU.Build.0 = Release|Any CPU
		{B43E31C6-1F33-4EAF-AAD0-91943AA90C1B}.Debug|Any CPU.ActiveCfg = Debug|Any CPU
		{B43E31C6-1F33-4EAF-AAD0-91943AA90C1B}.Debug|Any CPU.Build.0 = Debug|Any CPU
		{B43E31C6-1F33-4EAF-AAD0-91943AA90C1B}.Release|Any CPU.ActiveCfg = Release|Any CPU
		{B43E31C6-1F33-4EAF-AAD0-91943AA90C1B}.Release|Any CPU.Build.0 = Release|Any CPU
		{463F8EE2-5570-40AA-9F85-58473DEF51FC}.Debug|Any CPU.ActiveCfg = Debug|Any CPU
		{463F8EE2-5570-40AA-9F85-58473DEF51FC}.Debug|Any CPU.Build.0 = Debug|Any CPU
		{463F8EE2-5570-40AA-9F85-58473DEF51FC}.Release|Any CPU.ActiveCfg = Release|Any CPU
		{463F8EE2-5570-40AA-9F85-58473DEF51FC}.Release|Any CPU.Build.0 = Release|Any CPU
		{B6A73E8B-8EFF-4F0E-BB0C-B73AF75397C2}.Debug|Any CPU.ActiveCfg = Debug|Any CPU
		{B6A73E8B-8EFF-4F0E-BB0C-B73AF75397C2}.Debug|Any CPU.Build.0 = Debug|Any CPU
		{B6A73E8B-8EFF-4F0E-BB0C-B73AF75397C2}.Release|Any CPU.ActiveCfg = Release|Any CPU
		{B6A73E8B-8EFF-4F0E-BB0C-B73AF75397C2}.Release|Any CPU.Build.0 = Release|Any CPU
		{1EC60B75-6689-47E1-BE8C-63A7AB3325E0}.Debug|Any CPU.ActiveCfg = Debug|Any CPU
		{1EC60B75-6689-47E1-BE8C-63A7AB3325E0}.Debug|Any CPU.Build.0 = Debug|Any CPU
		{1EC60B75-6689-47E1-BE8C-63A7AB3325E0}.Release|Any CPU.ActiveCfg = Release|Any CPU
		{1EC60B75-6689-47E1-BE8C-63A7AB3325E0}.Release|Any CPU.Build.0 = Release|Any CPU
		{DFB445BE-0166-450B-9E58-C8DDD6BD9E0E}.Debug|Any CPU.ActiveCfg = Debug|Any CPU
		{DFB445BE-0166-450B-9E58-C8DDD6BD9E0E}.Debug|Any CPU.Build.0 = Debug|Any CPU
		{DFB445BE-0166-450B-9E58-C8DDD6BD9E0E}.Release|Any CPU.ActiveCfg = Release|Any CPU
		{DFB445BE-0166-450B-9E58-C8DDD6BD9E0E}.Release|Any CPU.Build.0 = Release|Any CPU
		{6EA6D1FD-7D09-4D17-AD94-4E6711054DE0}.Debug|Any CPU.ActiveCfg = Debug|Any CPU
		{6EA6D1FD-7D09-4D17-AD94-4E6711054DE0}.Debug|Any CPU.Build.0 = Debug|Any CPU
		{6EA6D1FD-7D09-4D17-AD94-4E6711054DE0}.Release|Any CPU.ActiveCfg = Release|Any CPU
		{6EA6D1FD-7D09-4D17-AD94-4E6711054DE0}.Release|Any CPU.Build.0 = Release|Any CPU
		{4DC12809-3D6E-4A62-A9FC-3BA47DFDBE97}.Debug|Any CPU.ActiveCfg = Debug|Any CPU
		{4DC12809-3D6E-4A62-A9FC-3BA47DFDBE97}.Debug|Any CPU.Build.0 = Debug|Any CPU
		{4DC12809-3D6E-4A62-A9FC-3BA47DFDBE97}.Release|Any CPU.ActiveCfg = Release|Any CPU
		{4DC12809-3D6E-4A62-A9FC-3BA47DFDBE97}.Release|Any CPU.Build.0 = Release|Any CPU
		{7DDC2940-C7F3-4E02-89DB-4BE8DDE689F6}.Debug|Any CPU.ActiveCfg = Debug|Any CPU
		{7DDC2940-C7F3-4E02-89DB-4BE8DDE689F6}.Debug|Any CPU.Build.0 = Debug|Any CPU
		{7DDC2940-C7F3-4E02-89DB-4BE8DDE689F6}.Release|Any CPU.ActiveCfg = Release|Any CPU
		{7DDC2940-C7F3-4E02-89DB-4BE8DDE689F6}.Release|Any CPU.Build.0 = Release|Any CPU
		{E744F7FA-5962-4D65-BF8B-A894C129585F}.Debug|Any CPU.ActiveCfg = Debug|Any CPU
		{E744F7FA-5962-4D65-BF8B-A894C129585F}.Debug|Any CPU.Build.0 = Debug|Any CPU
		{E744F7FA-5962-4D65-BF8B-A894C129585F}.Release|Any CPU.ActiveCfg = Release|Any CPU
		{E744F7FA-5962-4D65-BF8B-A894C129585F}.Release|Any CPU.Build.0 = Release|Any CPU
		{A1E7FC28-101E-4EB4-B609-B101D67F16D5}.Debug|Any CPU.ActiveCfg = Debug|Any CPU
		{A1E7FC28-101E-4EB4-B609-B101D67F16D5}.Debug|Any CPU.Build.0 = Debug|Any CPU
		{A1E7FC28-101E-4EB4-B609-B101D67F16D5}.Release|Any CPU.ActiveCfg = Release|Any CPU
		{A1E7FC28-101E-4EB4-B609-B101D67F16D5}.Release|Any CPU.Build.0 = Release|Any CPU
		{0FD5DBFA-8618-4606-987F-87A42D2E47DF}.Debug|Any CPU.ActiveCfg = Debug|Any CPU
		{0FD5DBFA-8618-4606-987F-87A42D2E47DF}.Debug|Any CPU.Build.0 = Debug|Any CPU
		{0FD5DBFA-8618-4606-987F-87A42D2E47DF}.Release|Any CPU.ActiveCfg = Release|Any CPU
		{0FD5DBFA-8618-4606-987F-87A42D2E47DF}.Release|Any CPU.Build.0 = Release|Any CPU
		{995E6C0D-0FAD-4E6E-9E34-8223B6E17B4A}.Debug|Any CPU.ActiveCfg = Debug|Any CPU
		{995E6C0D-0FAD-4E6E-9E34-8223B6E17B4A}.Debug|Any CPU.Build.0 = Debug|Any CPU
		{995E6C0D-0FAD-4E6E-9E34-8223B6E17B4A}.Release|Any CPU.ActiveCfg = Release|Any CPU
		{995E6C0D-0FAD-4E6E-9E34-8223B6E17B4A}.Release|Any CPU.Build.0 = Release|Any CPU
		{61F293A2-A669-4D8C-A31D-DED0EAE846A2}.Debug|Any CPU.ActiveCfg = Debug|Any CPU
		{61F293A2-A669-4D8C-A31D-DED0EAE846A2}.Debug|Any CPU.Build.0 = Debug|Any CPU
		{61F293A2-A669-4D8C-A31D-DED0EAE846A2}.Release|Any CPU.ActiveCfg = Release|Any CPU
		{61F293A2-A669-4D8C-A31D-DED0EAE846A2}.Release|Any CPU.Build.0 = Release|Any CPU
		{ED53D819-32E3-4420-B340-DC28AA153F4E}.Debug|Any CPU.ActiveCfg = Debug|Any CPU
		{ED53D819-32E3-4420-B340-DC28AA153F4E}.Debug|Any CPU.Build.0 = Debug|Any CPU
		{ED53D819-32E3-4420-B340-DC28AA153F4E}.Release|Any CPU.ActiveCfg = Release|Any CPU
		{ED53D819-32E3-4420-B340-DC28AA153F4E}.Release|Any CPU.Build.0 = Release|Any CPU
		{EFF68632-B2C5-4442-958D-8E10779FA999}.Debug|Any CPU.ActiveCfg = Debug|Any CPU
		{EFF68632-B2C5-4442-958D-8E10779FA999}.Debug|Any CPU.Build.0 = Debug|Any CPU
		{EFF68632-B2C5-4442-958D-8E10779FA999}.Release|Any CPU.ActiveCfg = Release|Any CPU
		{EFF68632-B2C5-4442-958D-8E10779FA999}.Release|Any CPU.Build.0 = Release|Any CPU
		{BBEA7B86-2878-4CCC-A838-67E59A0D1690}.Debug|Any CPU.ActiveCfg = Debug|Any CPU
		{BBEA7B86-2878-4CCC-A838-67E59A0D1690}.Debug|Any CPU.Build.0 = Debug|Any CPU
		{BBEA7B86-2878-4CCC-A838-67E59A0D1690}.Release|Any CPU.ActiveCfg = Release|Any CPU
		{BBEA7B86-2878-4CCC-A838-67E59A0D1690}.Release|Any CPU.Build.0 = Release|Any CPU
		{B0CE046F-E89F-4A83-8CA1-25FB5C807E1B}.Debug|Any CPU.ActiveCfg = Debug|Any CPU
		{B0CE046F-E89F-4A83-8CA1-25FB5C807E1B}.Debug|Any CPU.Build.0 = Debug|Any CPU
		{B0CE046F-E89F-4A83-8CA1-25FB5C807E1B}.Release|Any CPU.ActiveCfg = Release|Any CPU
		{B0CE046F-E89F-4A83-8CA1-25FB5C807E1B}.Release|Any CPU.Build.0 = Release|Any CPU
		{195D7E78-9E4C-4575-A82E-582F378674EA}.Debug|Any CPU.ActiveCfg = Debug|Any CPU
		{195D7E78-9E4C-4575-A82E-582F378674EA}.Debug|Any CPU.Build.0 = Debug|Any CPU
		{195D7E78-9E4C-4575-A82E-582F378674EA}.Release|Any CPU.ActiveCfg = Release|Any CPU
		{195D7E78-9E4C-4575-A82E-582F378674EA}.Release|Any CPU.Build.0 = Release|Any CPU
		{DA1544C5-D5F7-4A01-9129-C4433A201016}.Debug|Any CPU.ActiveCfg = Debug|Any CPU
		{DA1544C5-D5F7-4A01-9129-C4433A201016}.Debug|Any CPU.Build.0 = Debug|Any CPU
		{DA1544C5-D5F7-4A01-9129-C4433A201016}.Release|Any CPU.ActiveCfg = Release|Any CPU
		{DA1544C5-D5F7-4A01-9129-C4433A201016}.Release|Any CPU.Build.0 = Release|Any CPU
		{9C49941F-21FA-468A-9291-F5C4FAB6703D}.Debug|Any CPU.ActiveCfg = Debug|Any CPU
		{9C49941F-21FA-468A-9291-F5C4FAB6703D}.Debug|Any CPU.Build.0 = Debug|Any CPU
		{9C49941F-21FA-468A-9291-F5C4FAB6703D}.Release|Any CPU.ActiveCfg = Release|Any CPU
		{9C49941F-21FA-468A-9291-F5C4FAB6703D}.Release|Any CPU.Build.0 = Release|Any CPU
	EndGlobalSection
	GlobalSection(SolutionProperties) = preSolution
		HideSolutionNode = FALSE
	EndGlobalSection
	GlobalSection(NestedProjects) = preSolution
		{831B8A18-9D1C-46C1-BD3C-BB0E27E1F9AE} = {7595D445-3DFF-4A28-A545-2A84B1826F38}
		{C6BF97E4-8C97-47BC-92F4-87B53142132B} = {831B8A18-9D1C-46C1-BD3C-BB0E27E1F9AE}
		{5380BF20-C010-4F0B-B6DE-11971C503DEC} = {831B8A18-9D1C-46C1-BD3C-BB0E27E1F9AE}
		{0999A756-86EB-4A68-A1FF-B9DB57B08267} = {831B8A18-9D1C-46C1-BD3C-BB0E27E1F9AE}
		{E74DB80E-8D89-455B-8C17-54841A6EF155} = {B47A0912-A10D-4A07-A8D1-EBEF3A815686}
		{5EC85808-3BDA-4849-B36E-E5EB705016EC} = {B47A0912-A10D-4A07-A8D1-EBEF3A815686}
		{578A4CF5-6C49-494D-A02E-22BC62ECB44C} = {B47A0912-A10D-4A07-A8D1-EBEF3A815686}
		{4D9C3B5C-3A1D-47A7-BF1E-08FBF62E88DE} = {831B8A18-9D1C-46C1-BD3C-BB0E27E1F9AE}
		{EF753479-2882-4635-9578-3979478D4BA1} = {B47A0912-A10D-4A07-A8D1-EBEF3A815686}
		{8AE513CF-5C78-42EE-89E9-7FA0DA1C0F80} = {B47A0912-A10D-4A07-A8D1-EBEF3A815686}
		{BB46F3B2-83C2-461F-B709-10AF84747861} = {831B8A18-9D1C-46C1-BD3C-BB0E27E1F9AE}
		{D69BE1AB-44DC-4EB6-A10B-74782BE2AD8B} = {831B8A18-9D1C-46C1-BD3C-BB0E27E1F9AE}
		{D900D7E5-35CC-4210-B7CC-D20836674C07} = {B47A0912-A10D-4A07-A8D1-EBEF3A815686}
		{10F32B3C-02BC-4296-A9FC-05EC26C684C1} = {831B8A18-9D1C-46C1-BD3C-BB0E27E1F9AE}
		{4591F1A4-1C12-433C-B9AF-7F079E2465C7} = {831B8A18-9D1C-46C1-BD3C-BB0E27E1F9AE}
		{8B7763C6-F91F-40DD-84DD-FACFB418243D} = {831B8A18-9D1C-46C1-BD3C-BB0E27E1F9AE}
		{3924EAF8-3790-4494-97FB-C9756718A908} = {831B8A18-9D1C-46C1-BD3C-BB0E27E1F9AE}
		{B43E31C6-1F33-4EAF-AAD0-91943AA90C1B} = {BE64A371-7DDC-4B8E-BCC3-0975DBF4D98D}
		{463F8EE2-5570-40AA-9F85-58473DEF51FC} = {44915BAD-A28F-4988-93DD-06F7E00C491D}
		{B6A73E8B-8EFF-4F0E-BB0C-B73AF75397C2} = {BE64A371-7DDC-4B8E-BCC3-0975DBF4D98D}
		{1EC60B75-6689-47E1-BE8C-63A7AB3325E0} = {44915BAD-A28F-4988-93DD-06F7E00C491D}
		{DFB445BE-0166-450B-9E58-C8DDD6BD9E0E} = {831B8A18-9D1C-46C1-BD3C-BB0E27E1F9AE}
		{6EA6D1FD-7D09-4D17-AD94-4E6711054DE0} = {44915BAD-A28F-4988-93DD-06F7E00C491D}
		{4DC12809-3D6E-4A62-A9FC-3BA47DFDBE97} = {BE64A371-7DDC-4B8E-BCC3-0975DBF4D98D}
		{7DDC2940-C7F3-4E02-89DB-4BE8DDE689F6} = {BE64A371-7DDC-4B8E-BCC3-0975DBF4D98D}
		{E744F7FA-5962-4D65-BF8B-A894C129585F} = {B14FA0CC-E054-4DAD-B4C1-491CB32DB8BE}
		{A1E7FC28-101E-4EB4-B609-B101D67F16D5} = {B14FA0CC-E054-4DAD-B4C1-491CB32DB8BE}
		{0FD5DBFA-8618-4606-987F-87A42D2E47DF} = {2423D0AC-09D1-4ED2-AD2A-EB38E4D3E4B4}
		{995E6C0D-0FAD-4E6E-9E34-8223B6E17B4A} = {831B8A18-9D1C-46C1-BD3C-BB0E27E1F9AE}
		{61F293A2-A669-4D8C-A31D-DED0EAE846A2} = {B14FA0CC-E054-4DAD-B4C1-491CB32DB8BE}
		{44915BAD-A28F-4988-93DD-06F7E00C491D} = {7595D445-3DFF-4A28-A545-2A84B1826F38}
		{B47A0912-A10D-4A07-A8D1-EBEF3A815686} = {7595D445-3DFF-4A28-A545-2A84B1826F38}
		{ED53D819-32E3-4420-B340-DC28AA153F4E} = {831B8A18-9D1C-46C1-BD3C-BB0E27E1F9AE}
		{EFF68632-B2C5-4442-958D-8E10779FA999} = {831B8A18-9D1C-46C1-BD3C-BB0E27E1F9AE}
		{BBEA7B86-2878-4CCC-A838-67E59A0D1690} = {831B8A18-9D1C-46C1-BD3C-BB0E27E1F9AE}
		{B0CE046F-E89F-4A83-8CA1-25FB5C807E1B} = {BE64A371-7DDC-4B8E-BCC3-0975DBF4D98D}
		{195D7E78-9E4C-4575-A82E-582F378674EA} = {44915BAD-A28F-4988-93DD-06F7E00C491D}
		{DA1544C5-D5F7-4A01-9129-C4433A201016} = {831B8A18-9D1C-46C1-BD3C-BB0E27E1F9AE}
		{9C49941F-21FA-468A-9291-F5C4FAB6703D} = {B14FA0CC-E054-4DAD-B4C1-491CB32DB8BE}
	EndGlobalSection
	GlobalSection(ExtensibilityGlobals) = postSolution
		SolutionGuid = {B4D7D268-1ED1-44A3-8961-AA10560A540C}
	EndGlobalSection
EndGlobal
